
Microsoft Visual Studio Solution File, Format Version 12.00
# Visual Studio 2012
Project("{FAE04EC0-301F-11D3-BF4B-00C04F79EFBC}") = "DuLichDLL", "DuLichDLL\DuLichDLL.csproj", "{3715F4F2-C60E-4B11-B902-0DDF9E035265}"
EndProject
Project("{FAE04EC0-301F-11D3-BF4B-00C04F79EFBC}") = "WebDuLichDev", "WebDuLichDev\WebDuLichDev.csproj", "{6D44338A-A129-4E45-B481-9F4DB98D9FE6}"
EndProject
Global
	GlobalSection(SolutionConfigurationPlatforms) = preSolution
		Debug|Any CPU = Debug|Any CPU
		Release|Any CPU = Release|Any CPU
	EndGlobalSection
	GlobalSection(ProjectConfigurationPlatforms) = postSolution
		{3715F4F2-C60E-4B11-B902-0DDF9E035265}.Debug|Any CPU.ActiveCfg = Debug|Any CPU
		{3715F4F2-C60E-4B11-B902-0DDF9E035265}.Debug|Any CPU.Build.0 = Debug|Any CPU
		{3715F4F2-C60E-4B11-B902-0DDF9E035265}.Release|Any CPU.ActiveCfg = Release|Any CPU
		{3715F4F2-C60E-4B11-B902-0DDF9E035265}.Release|Any CPU.Build.0 = Release|Any CPU
		{6D44338A-A129-4E45-B481-9F4DB98D9FE6}.Debug|Any CPU.ActiveCfg = Debug|Any CPU
		{6D44338A-A129-4E45-B481-9F4DB98D9FE6}.Debug|Any CPU.Build.0 = Debug|Any CPU
		{6D44338A-A129-4E45-B481-9F4DB98D9FE6}.Release|Any CPU.ActiveCfg = Release|Any CPU
		{6D44338A-A129-4E45-B481-9F4DB98D9FE6}.Release|Any CPU.Build.0 = Release|Any CPU
	EndGlobalSection
	GlobalSection(SolutionProperties) = preSolution
		HideSolutionNode = FALSE
	EndGlobalSection
EndGlobal
